
Microsoft Visual Studio Solution File, Format Version 12.00
# Visual Studio Version 16
VisualStudioVersion = 16.0.32901.82
MinimumVisualStudioVersion = 10.0.40219.1
Project("{FAE04EC0-301F-11D3-BF4B-00C04F79EFBC}") = "webbandienthoai", "webbandienthoai\webbandienthoai.csproj", "{1DC76025-BC48-4125-9D37-0527C7C65867}"
EndProject
Global
	GlobalSection(SolutionConfigurationPlatforms) = preSolution
		Debug|Any CPU = Debug|Any CPU
		Release|Any CPU = Release|Any CPU
	EndGlobalSection
	GlobalSection(ProjectConfigurationPlatforms) = postSolution
		{1DC76025-BC48-4125-9D37-0527C7C65867}.Debug|Any CPU.ActiveCfg = Debug|Any CPU
		{1DC76025-BC48-4125-9D37-0527C7C65867}.Debug|Any CPU.Build.0 = Debug|Any CPU
		{1DC76025-BC48-4125-9D37-0527C7C65867}.Release|Any CPU.ActiveCfg = Release|Any CPU
		{1DC76025-BC48-4125-9D37-0527C7C65867}.Release|Any CPU.Build.0 = Release|Any CPU
	EndGlobalSection
	GlobalSection(SolutionProperties) = preSolution
		HideSolutionNode = FALSE
	EndGlobalSection
	GlobalSection(ExtensibilityGlobals) = postSolution
		SolutionGuid = {89779B92-4CC6-41E6-9BBF-C6691D927D83}
	EndGlobalSection
EndGlobal
